
Microsoft Visual Studio Solution File, Format Version 12.00
# Visual Studio Version 16
VisualStudioVersion = 16.0.29215.179
MinimumVisualStudioVersion = 10.0.40219.1
Project("{8BC9CEB8-8B4A-11D0-8D11-00A0C91BC942}") = "mankern", "mankern\mankern.vcxproj", "{96709A66-88E0-4763-82EA-92500131404F}"
	ProjectSection(ProjectDependencies) = postProject
		{083B574E-87E3-4DCB-9E72-89FCDF09D4AF} = {083B574E-87E3-4DCB-9E72-89FCDF09D4AF}
	EndProjectSection
EndProject
Project("{8BC9CEB8-8B4A-11D0-8D11-00A0C91BC942}") = "graphkern", "graphkern\graphkern.vcxproj", "{4C811E70-B148-4145-A6F6-AEDA0F5B17C1}"
	ProjectSection(ProjectDependencies) = postProject
		{083B574E-87E3-4DCB-9E72-89FCDF09D4AF} = {083B574E-87E3-4DCB-9E72-89FCDF09D4AF}
	EndProjectSection
EndProject
Project("{8BC9CEB8-8B4A-11D0-8D11-00A0C91BC942}") = "LinearMath", "..\bullet3build\src\LinearMath\LinearMath.vcxproj", "{0106C0DA-DC16-3BF4-A66E-0E4149ACB594}"
EndProject
Project("{8BC9CEB8-8B4A-11D0-8D11-00A0C91BC942}") = "BulletDynamics", "..\bullet3build\src\BulletDynamics\BulletDynamics.vcxproj", "{FF24A6F1-A1CF-3C3D-99D6-04F2A828AA22}"
EndProject
Project("{8BC9CEB8-8B4A-11D0-8D11-00A0C91BC942}") = "BulletCollision", "..\bullet3build\src\BulletCollision\BulletCollision.vcxproj", "{DFD866B4-84B6-3A3D-A13B-EF74C2039C1E}"
EndProject
Project("{8BC9CEB8-8B4A-11D0-8D11-00A0C91BC942}") = "builtin", "builtin\defaultele.vcxproj", "{94323731-B8E8-48B3-B307-D65CE4C036BC}"
	ProjectSection(ProjectDependencies) = postProject
		{083B574E-87E3-4DCB-9E72-89FCDF09D4AF} = {083B574E-87E3-4DCB-9E72-89FCDF09D4AF}
		{96709A66-88E0-4763-82EA-92500131404F} = {96709A66-88E0-4763-82EA-92500131404F}
		{4C811E70-B148-4145-A6F6-AEDA0F5B17C1} = {4C811E70-B148-4145-A6F6-AEDA0F5B17C1}
		{DFD866B4-84B6-3A3D-A13B-EF74C2039C1E} = {DFD866B4-84B6-3A3D-A13B-EF74C2039C1E}
		{0106C0DA-DC16-3BF4-A66E-0E4149ACB594} = {0106C0DA-DC16-3BF4-A66E-0E4149ACB594}
		{FF24A6F1-A1CF-3C3D-99D6-04F2A828AA22} = {FF24A6F1-A1CF-3C3D-99D6-04F2A828AA22}
	EndProjectSection
EndProject
Project("{8BC9CEB8-8B4A-11D0-8D11-00A0C91BC942}") = "game", "game\mankern_test.vcxproj", "{BD705547-9348-4363-9D01-10BAD5125A7F}"
	ProjectSection(ProjectDependencies) = postProject
		{083B574E-87E3-4DCB-9E72-89FCDF09D4AF} = {083B574E-87E3-4DCB-9E72-89FCDF09D4AF}
		{DFD866B4-84B6-3A3D-A13B-EF74C2039C1E} = {DFD866B4-84B6-3A3D-A13B-EF74C2039C1E}
		{0106C0DA-DC16-3BF4-A66E-0E4149ACB594} = {0106C0DA-DC16-3BF4-A66E-0E4149ACB594}
		{FF24A6F1-A1CF-3C3D-99D6-04F2A828AA22} = {FF24A6F1-A1CF-3C3D-99D6-04F2A828AA22}
	EndProjectSection
EndProject
Project("{8BC9CEB8-8B4A-11D0-8D11-00A0C91BC942}") = "editor", "editor\editor.vcxproj", "{6C587046-A9F0-4828-93CE-384190741B6C}"
	ProjectSection(ProjectDependencies) = postProject
		{94323731-B8E8-48B3-B307-D65CE4C036BC} = {94323731-B8E8-48B3-B307-D65CE4C036BC}
		{083B574E-87E3-4DCB-9E72-89FCDF09D4AF} = {083B574E-87E3-4DCB-9E72-89FCDF09D4AF}
		{96709A66-88E0-4763-82EA-92500131404F} = {96709A66-88E0-4763-82EA-92500131404F}
		{4C811E70-B148-4145-A6F6-AEDA0F5B17C1} = {4C811E70-B148-4145-A6F6-AEDA0F5B17C1}
	EndProjectSection
EndProject
Project("{8BC9CEB8-8B4A-11D0-8D11-00A0C91BC942}") = "basicUtil", "basicUtil\basicUtil.vcxproj", "{083B574E-87E3-4DCB-9E72-89FCDF09D4AF}"
EndProject
Global
	GlobalSection(SolutionConfigurationPlatforms) = preSolution
		Debug|x64 = Debug|x64
		Debug|x86 = Debug|x86
		MinSizeRel|x64 = MinSizeRel|x64
		MinSizeRel|x86 = MinSizeRel|x86
		Release|x64 = Release|x64
		Release|x86 = Release|x86
		RelWithDebInfo|x64 = RelWithDebInfo|x64
		RelWithDebInfo|x86 = RelWithDebInfo|x86
	EndGlobalSection
	GlobalSection(ProjectConfigurationPlatforms) = postSolution
		{96709A66-88E0-4763-82EA-92500131404F}.Debug|x64.ActiveCfg = Debug|x64
		{96709A66-88E0-4763-82EA-92500131404F}.Debug|x64.Build.0 = Debug|x64
		{96709A66-88E0-4763-82EA-92500131404F}.Debug|x86.ActiveCfg = Debug|Win32
		{96709A66-88E0-4763-82EA-92500131404F}.Debug|x86.Build.0 = Debug|Win32
		{96709A66-88E0-4763-82EA-92500131404F}.MinSizeRel|x64.ActiveCfg = Release|x64
		{96709A66-88E0-4763-82EA-92500131404F}.MinSizeRel|x64.Build.0 = Release|x64
		{96709A66-88E0-4763-82EA-92500131404F}.MinSizeRel|x86.ActiveCfg = Release|Win32
		{96709A66-88E0-4763-82EA-92500131404F}.MinSizeRel|x86.Build.0 = Release|Win32
		{96709A66-88E0-4763-82EA-92500131404F}.Release|x64.ActiveCfg = Release|x64
		{96709A66-88E0-4763-82EA-92500131404F}.Release|x64.Build.0 = Release|x64
		{96709A66-88E0-4763-82EA-92500131404F}.Release|x86.ActiveCfg = Release|Win32
		{96709A66-88E0-4763-82EA-92500131404F}.Release|x86.Build.0 = Release|Win32
		{96709A66-88E0-4763-82EA-92500131404F}.RelWithDebInfo|x64.ActiveCfg = Release|x64
		{96709A66-88E0-4763-82EA-92500131404F}.RelWithDebInfo|x64.Build.0 = Release|x64
		{96709A66-88E0-4763-82EA-92500131404F}.RelWithDebInfo|x86.ActiveCfg = Release|Win32
		{96709A66-88E0-4763-82EA-92500131404F}.RelWithDebInfo|x86.Build.0 = Release|Win32
		{4C811E70-B148-4145-A6F6-AEDA0F5B17C1}.Debug|x64.ActiveCfg = Debug|x64
		{4C811E70-B148-4145-A6F6-AEDA0F5B17C1}.Debug|x64.Build.0 = Debug|x64
		{4C811E70-B148-4145-A6F6-AEDA0F5B17C1}.Debug|x86.ActiveCfg = Debug|Win32
		{4C811E70-B148-4145-A6F6-AEDA0F5B17C1}.Debug|x86.Build.0 = Debug|Win32
		{4C811E70-B148-4145-A6F6-AEDA0F5B17C1}.MinSizeRel|x64.ActiveCfg = Release|x64
		{4C811E70-B148-4145-A6F6-AEDA0F5B17C1}.MinSizeRel|x64.Build.0 = Release|x64
		{4C811E70-B148-4145-A6F6-AEDA0F5B17C1}.MinSizeRel|x86.ActiveCfg = Release|Win32
		{4C811E70-B148-4145-A6F6-AEDA0F5B17C1}.MinSizeRel|x86.Build.0 = Release|Win32
		{4C811E70-B148-4145-A6F6-AEDA0F5B17C1}.Release|x64.ActiveCfg = Release|x64
		{4C811E70-B148-4145-A6F6-AEDA0F5B17C1}.Release|x64.Build.0 = Release|x64
		{4C811E70-B148-4145-A6F6-AEDA0F5B17C1}.Release|x86.ActiveCfg = Release|Win32
		{4C811E70-B148-4145-A6F6-AEDA0F5B17C1}.Release|x86.Build.0 = Release|Win32
		{4C811E70-B148-4145-A6F6-AEDA0F5B17C1}.RelWithDebInfo|x64.ActiveCfg = Release|x64
		{4C811E70-B148-4145-A6F6-AEDA0F5B17C1}.RelWithDebInfo|x64.Build.0 = Release|x64
		{4C811E70-B148-4145-A6F6-AEDA0F5B17C1}.RelWithDebInfo|x86.ActiveCfg = Release|Win32
		{4C811E70-B148-4145-A6F6-AEDA0F5B17C1}.RelWithDebInfo|x86.Build.0 = Release|Win32
		{0106C0DA-DC16-3BF4-A66E-0E4149ACB594}.Debug|x64.ActiveCfg = Debug|x64
		{0106C0DA-DC16-3BF4-A66E-0E4149ACB594}.Debug|x64.Build.0 = Debug|x64
		{0106C0DA-DC16-3BF4-A66E-0E4149ACB594}.Debug|x86.ActiveCfg = Debug|x64
		{0106C0DA-DC16-3BF4-A66E-0E4149ACB594}.MinSizeRel|x64.ActiveCfg = MinSizeRel|x64
		{0106C0DA-DC16-3BF4-A66E-0E4149ACB594}.MinSizeRel|x64.Build.0 = MinSizeRel|x64
		{0106C0DA-DC16-3BF4-A66E-0E4149ACB594}.MinSizeRel|x86.ActiveCfg = MinSizeRel|x64
		{0106C0DA-DC16-3BF4-A66E-0E4149ACB594}.Release|x64.ActiveCfg = Release|x64
		{0106C0DA-DC16-3BF4-A66E-0E4149ACB594}.Release|x64.Build.0 = Release|x64
		{0106C0DA-DC16-3BF4-A66E-0E4149ACB594}.Release|x86.ActiveCfg = Release|x64
		{0106C0DA-DC16-3BF4-A66E-0E4149ACB594}.RelWithDebInfo|x64.ActiveCfg = RelWithDebInfo|x64
		{0106C0DA-DC16-3BF4-A66E-0E4149ACB594}.RelWithDebInfo|x64.Build.0 = RelWithDebInfo|x64
		{0106C0DA-DC16-3BF4-A66E-0E4149ACB594}.RelWithDebInfo|x86.ActiveCfg = RelWithDebInfo|x64
		{FF24A6F1-A1CF-3C3D-99D6-04F2A828AA22}.Debug|x64.ActiveCfg = Debug|x64
		{FF24A6F1-A1CF-3C3D-99D6-04F2A828AA22}.Debug|x64.Build.0 = Debug|x64
		{FF24A6F1-A1CF-3C3D-99D6-04F2A828AA22}.Debug|x86.ActiveCfg = Debug|x64
		{FF24A6F1-A1CF-3C3D-99D6-04F2A828AA22}.MinSizeRel|x64.ActiveCfg = MinSizeRel|x64
		{FF24A6F1-A1CF-3C3D-99D6-04F2A828AA22}.MinSizeRel|x64.Build.0 = MinSizeRel|x64
		{FF24A6F1-A1CF-3C3D-99D6-04F2A828AA22}.MinSizeRel|x86.ActiveCfg = MinSizeRel|x64
		{FF24A6F1-A1CF-3C3D-99D6-04F2A828AA22}.Release|x64.ActiveCfg = Release|x64
		{FF24A6F1-A1CF-3C3D-99D6-04F2A828AA22}.Release|x64.Build.0 = Release|x64
		{FF24A6F1-A1CF-3C3D-99D6-04F2A828AA22}.Release|x86.ActiveCfg = Release|x64
		{FF24A6F1-A1CF-3C3D-99D6-04F2A828AA22}.RelWithDebInfo|x64.ActiveCfg = RelWithDebInfo|x64
		{FF24A6F1-A1CF-3C3D-99D6-04F2A828AA22}.RelWithDebInfo|x64.Build.0 = RelWithDebInfo|x64
		{FF24A6F1-A1CF-3C3D-99D6-04F2A828AA22}.RelWithDebInfo|x86.ActiveCfg = RelWithDebInfo|x64
		{DFD866B4-84B6-3A3D-A13B-EF74C2039C1E}.Debug|x64.ActiveCfg = Debug|x64
		{DFD866B4-84B6-3A3D-A13B-EF74C2039C1E}.Debug|x64.Build.0 = Debug|x64
		{DFD866B4-84B6-3A3D-A13B-EF74C2039C1E}.Debug|x86.ActiveCfg = Debug|x64
		{DFD866B4-84B6-3A3D-A13B-EF74C2039C1E}.MinSizeRel|x64.ActiveCfg = MinSizeRel|x64
		{DFD866B4-84B6-3A3D-A13B-EF74C2039C1E}.MinSizeRel|x64.Build.0 = MinSizeRel|x64
		{DFD866B4-84B6-3A3D-A13B-EF74C2039C1E}.MinSizeRel|x86.ActiveCfg = MinSizeRel|x64
		{DFD866B4-84B6-3A3D-A13B-EF74C2039C1E}.Release|x64.ActiveCfg = Release|x64
		{DFD866B4-84B6-3A3D-A13B-EF74C2039C1E}.Release|x64.Build.0 = Release|x64
		{DFD866B4-84B6-3A3D-A13B-EF74C2039C1E}.Release|x86.ActiveCfg = Release|x64
		{DFD866B4-84B6-3A3D-A13B-EF74C2039C1E}.RelWithDebInfo|x64.ActiveCfg = RelWithDebInfo|x64
		{DFD866B4-84B6-3A3D-A13B-EF74C2039C1E}.RelWithDebInfo|x64.Build.0 = RelWithDebInfo|x64
		{DFD866B4-84B6-3A3D-A13B-EF74C2039C1E}.RelWithDebInfo|x86.ActiveCfg = RelWithDebInfo|x64
		{94323731-B8E8-48B3-B307-D65CE4C036BC}.Debug|x64.ActiveCfg = Debug|x64
		{94323731-B8E8-48B3-B307-D65CE4C036BC}.Debug|x64.Build.0 = Debug|x64
		{94323731-B8E8-48B3-B307-D65CE4C036BC}.Debug|x86.ActiveCfg = Debug|Win32
		{94323731-B8E8-48B3-B307-D65CE4C036BC}.Debug|x86.Build.0 = Debug|Win32
		{94323731-B8E8-48B3-B307-D65CE4C036BC}.MinSizeRel|x64.ActiveCfg = Release|x64
		{94323731-B8E8-48B3-B307-D65CE4C036BC}.MinSizeRel|x64.Build.0 = Release|x64
		{94323731-B8E8-48B3-B307-D65CE4C036BC}.MinSizeRel|x86.ActiveCfg = Release|Win32
		{94323731-B8E8-48B3-B307-D65CE4C036BC}.MinSizeRel|x86.Build.0 = Release|Win32
		{94323731-B8E8-48B3-B307-D65CE4C036BC}.Release|x64.ActiveCfg = Release|x64
		{94323731-B8E8-48B3-B307-D65CE4C036BC}.Release|x64.Build.0 = Release|x64
		{94323731-B8E8-48B3-B307-D65CE4C036BC}.Release|x86.ActiveCfg = Release|Win32
		{94323731-B8E8-48B3-B307-D65CE4C036BC}.Release|x86.Build.0 = Release|Win32
		{94323731-B8E8-48B3-B307-D65CE4C036BC}.RelWithDebInfo|x64.ActiveCfg = Release|x64
		{94323731-B8E8-48B3-B307-D65CE4C036BC}.RelWithDebInfo|x64.Build.0 = Release|x64
		{94323731-B8E8-48B3-B307-D65CE4C036BC}.RelWithDebInfo|x86.ActiveCfg = Release|Win32
		{94323731-B8E8-48B3-B307-D65CE4C036BC}.RelWithDebInfo|x86.Build.0 = Release|Win32
		{BD705547-9348-4363-9D01-10BAD5125A7F}.Debug|x64.ActiveCfg = Debug|x64
		{BD705547-9348-4363-9D01-10BAD5125A7F}.Debug|x64.Build.0 = Debug|x64
		{BD705547-9348-4363-9D01-10BAD5125A7F}.Debug|x86.ActiveCfg = Debug|Win32
		{BD705547-9348-4363-9D01-10BAD5125A7F}.Debug|x86.Build.0 = Debug|Win32
		{BD705547-9348-4363-9D01-10BAD5125A7F}.MinSizeRel|x64.ActiveCfg = Release|x64
		{BD705547-9348-4363-9D01-10BAD5125A7F}.MinSizeRel|x64.Build.0 = Release|x64
		{BD705547-9348-4363-9D01-10BAD5125A7F}.MinSizeRel|x86.ActiveCfg = Release|Win32
		{BD705547-9348-4363-9D01-10BAD5125A7F}.MinSizeRel|x86.Build.0 = Release|Win32
		{BD705547-9348-4363-9D01-10BAD5125A7F}.Release|x64.ActiveCfg = Release|x64
		{BD705547-9348-4363-9D01-10BAD5125A7F}.Release|x64.Build.0 = Release|x64
		{BD705547-9348-4363-9D01-10BAD5125A7F}.Release|x86.ActiveCfg = Release|Win32
		{BD705547-9348-4363-9D01-10BAD5125A7F}.Release|x86.Build.0 = Release|Win32
		{BD705547-9348-4363-9D01-10BAD5125A7F}.RelWithDebInfo|x64.ActiveCfg = Release|x64
		{BD705547-9348-4363-9D01-10BAD5125A7F}.RelWithDebInfo|x64.Build.0 = Release|x64
		{BD705547-9348-4363-9D01-10BAD5125A7F}.RelWithDebInfo|x86.ActiveCfg = Release|Win32
		{BD705547-9348-4363-9D01-10BAD5125A7F}.RelWithDebInfo|x86.Build.0 = Release|Win32
		{6C587046-A9F0-4828-93CE-384190741B6C}.Debug|x64.ActiveCfg = Debug|x64
		{6C587046-A9F0-4828-93CE-384190741B6C}.Debug|x64.Build.0 = Debug|x64
		{6C587046-A9F0-4828-93CE-384190741B6C}.Debug|x86.ActiveCfg = Debug|Win32
		{6C587046-A9F0-4828-93CE-384190741B6C}.Debug|x86.Build.0 = Debug|Win32
		{6C587046-A9F0-4828-93CE-384190741B6C}.MinSizeRel|x64.ActiveCfg = Release|x64
		{6C587046-A9F0-4828-93CE-384190741B6C}.MinSizeRel|x64.Build.0 = Release|x64
		{6C587046-A9F0-4828-93CE-384190741B6C}.MinSizeRel|x86.ActiveCfg = Release|Win32
		{6C587046-A9F0-4828-93CE-384190741B6C}.MinSizeRel|x86.Build.0 = Release|Win32
		{6C587046-A9F0-4828-93CE-384190741B6C}.Release|x64.ActiveCfg = Release|x64
		{6C587046-A9F0-4828-93CE-384190741B6C}.Release|x64.Build.0 = Release|x64
		{6C587046-A9F0-4828-93CE-384190741B6C}.Release|x86.ActiveCfg = Release|Win32
		{6C587046-A9F0-4828-93CE-384190741B6C}.Release|x86.Build.0 = Release|Win32
		{6C587046-A9F0-4828-93CE-384190741B6C}.RelWithDebInfo|x64.ActiveCfg = Release|x64
		{6C587046-A9F0-4828-93CE-384190741B6C}.RelWithDebInfo|x64.Build.0 = Release|x64
		{6C587046-A9F0-4828-93CE-384190741B6C}.RelWithDebInfo|x86.ActiveCfg = Release|Win32
		{6C587046-A9F0-4828-93CE-384190741B6C}.RelWithDebInfo|x86.Build.0 = Release|Win32
		{083B574E-87E3-4DCB-9E72-89FCDF09D4AF}.Debug|x64.ActiveCfg = Debug|x64
		{083B574E-87E3-4DCB-9E72-89FCDF09D4AF}.Debug|x64.Build.0 = Debug|x64
		{083B574E-87E3-4DCB-9E72-89FCDF09D4AF}.Debug|x86.ActiveCfg = Debug|Win32
		{083B574E-87E3-4DCB-9E72-89FCDF09D4AF}.Debug|x86.Build.0 = Debug|Win32
		{083B574E-87E3-4DCB-9E72-89FCDF09D4AF}.MinSizeRel|x64.ActiveCfg = Release|x64
		{083B574E-87E3-4DCB-9E72-89FCDF09D4AF}.MinSizeRel|x64.Build.0 = Release|x64
		{083B574E-87E3-4DCB-9E72-89FCDF09D4AF}.MinSizeRel|x86.ActiveCfg = Release|Win32
		{083B574E-87E3-4DCB-9E72-89FCDF09D4AF}.MinSizeRel|x86.Build.0 = Release|Win32
		{083B574E-87E3-4DCB-9E72-89FCDF09D4AF}.Release|x64.ActiveCfg = Release|x64
		{083B574E-87E3-4DCB-9E72-89FCDF09D4AF}.Release|x64.Build.0 = Release|x64
		{083B574E-87E3-4DCB-9E72-89FCDF09D4AF}.Release|x86.ActiveCfg = Release|Win32
		{083B574E-87E3-4DCB-9E72-89FCDF09D4AF}.Release|x86.Build.0 = Release|Win32
		{083B574E-87E3-4DCB-9E72-89FCDF09D4AF}.RelWithDebInfo|x64.ActiveCfg = Release|x64
		{083B574E-87E3-4DCB-9E72-89FCDF09D4AF}.RelWithDebInfo|x64.Build.0 = Release|x64
		{083B574E-87E3-4DCB-9E72-89FCDF09D4AF}.RelWithDebInfo|x86.ActiveCfg = Release|Win32
		{083B574E-87E3-4DCB-9E72-89FCDF09D4AF}.RelWithDebInfo|x86.Build.0 = Release|Win32
	EndGlobalSection
	GlobalSection(SolutionProperties) = preSolution
		HideSolutionNode = FALSE
	EndGlobalSection
	GlobalSection(ExtensibilityGlobals) = postSolution
		SolutionGuid = {7878E930-A631-40BF-A184-36AD40D6353F}
	EndGlobalSection
EndGlobal
