
Microsoft Visual Studio Solution File, Format Version 12.00
# Visual Studio 15
VisualStudioVersion = 15.0.27428.2015
MinimumVisualStudioVersion = 10.0.40219.1
Project("{8BC9CEB8-8B4A-11D0-8D11-00A0C91BC942}") = "citrus", "citrus\citrus.vcxproj", "{EF979717-5A13-48E4-8AC8-E59AAD6679D6}"
	ProjectSection(ProjectDependencies) = postProject
		{7F757879-12A8-3470-B7A0-31F9A451C9D5} = {7F757879-12A8-3470-B7A0-31F9A451C9D5}
		{E87F31AF-A10D-3471-A2B9-FE7289E2526D} = {E87F31AF-A10D-3471-A2B9-FE7289E2526D}
		{C553F7FC-F468-3B67-903C-C935D060A406} = {C553F7FC-F468-3B67-903C-C935D060A406}
	EndProjectSection
EndProject
Project("{8BC9CEB8-8B4A-11D0-8D11-00A0C91BC942}") = "BulletCollision", "\Development\bullet-x64-double\src\BulletCollision\BulletCollision.vcxproj", "{7F757879-12A8-3470-B7A0-31F9A451C9D5}"
EndProject
Project("{8BC9CEB8-8B4A-11D0-8D11-00A0C91BC942}") = "BulletDynamics", "\Development\bullet-x64-double\src\BulletDynamics\BulletDynamics.vcxproj", "{C553F7FC-F468-3B67-903C-C935D060A406}"
EndProject
Project("{8BC9CEB8-8B4A-11D0-8D11-00A0C91BC942}") = "LinearMath", "\Development\bullet-x64-double\src\LinearMath\LinearMath.vcxproj", "{E87F31AF-A10D-3471-A2B9-FE7289E2526D}"
EndProject
Global
	GlobalSection(SolutionConfigurationPlatforms) = preSolution
		Debug|x64 = Debug|x64
		Debug|x86 = Debug|x86
		MinSizeRel|x64 = MinSizeRel|x64
		MinSizeRel|x86 = MinSizeRel|x86
		Release|x64 = Release|x64
		Release|x86 = Release|x86
		RelWithDebInfo|x64 = RelWithDebInfo|x64
		RelWithDebInfo|x86 = RelWithDebInfo|x86
	EndGlobalSection
	GlobalSection(ProjectConfigurationPlatforms) = postSolution
		{EF979717-5A13-48E4-8AC8-E59AAD6679D6}.Debug|x64.ActiveCfg = Debug|x64
		{EF979717-5A13-48E4-8AC8-E59AAD6679D6}.Debug|x64.Build.0 = Debug|x64
		{EF979717-5A13-48E4-8AC8-E59AAD6679D6}.Debug|x86.ActiveCfg = Debug|Win32
		{EF979717-5A13-48E4-8AC8-E59AAD6679D6}.Debug|x86.Build.0 = Debug|Win32
		{EF979717-5A13-48E4-8AC8-E59AAD6679D6}.MinSizeRel|x64.ActiveCfg = Release|x64
		{EF979717-5A13-48E4-8AC8-E59AAD6679D6}.MinSizeRel|x64.Build.0 = Release|x64
		{EF979717-5A13-48E4-8AC8-E59AAD6679D6}.MinSizeRel|x86.ActiveCfg = Release|Win32
		{EF979717-5A13-48E4-8AC8-E59AAD6679D6}.MinSizeRel|x86.Build.0 = Release|Win32
		{EF979717-5A13-48E4-8AC8-E59AAD6679D6}.Release|x64.ActiveCfg = Release|x64
		{EF979717-5A13-48E4-8AC8-E59AAD6679D6}.Release|x64.Build.0 = Release|x64
		{EF979717-5A13-48E4-8AC8-E59AAD6679D6}.Release|x86.ActiveCfg = Release|Win32
		{EF979717-5A13-48E4-8AC8-E59AAD6679D6}.Release|x86.Build.0 = Release|Win32
		{EF979717-5A13-48E4-8AC8-E59AAD6679D6}.RelWithDebInfo|x64.ActiveCfg = Release|x64
		{EF979717-5A13-48E4-8AC8-E59AAD6679D6}.RelWithDebInfo|x64.Build.0 = Release|x64
		{EF979717-5A13-48E4-8AC8-E59AAD6679D6}.RelWithDebInfo|x86.ActiveCfg = Release|Win32
		{EF979717-5A13-48E4-8AC8-E59AAD6679D6}.RelWithDebInfo|x86.Build.0 = Release|Win32
		{7F757879-12A8-3470-B7A0-31F9A451C9D5}.Debug|x64.ActiveCfg = Debug|x64
		{7F757879-12A8-3470-B7A0-31F9A451C9D5}.Debug|x64.Build.0 = Debug|x64
		{7F757879-12A8-3470-B7A0-31F9A451C9D5}.Debug|x86.ActiveCfg = Debug|x64
		{7F757879-12A8-3470-B7A0-31F9A451C9D5}.MinSizeRel|x64.ActiveCfg = MinSizeRel|x64
		{7F757879-12A8-3470-B7A0-31F9A451C9D5}.MinSizeRel|x64.Build.0 = MinSizeRel|x64
		{7F757879-12A8-3470-B7A0-31F9A451C9D5}.MinSizeRel|x86.ActiveCfg = MinSizeRel|x64
		{7F757879-12A8-3470-B7A0-31F9A451C9D5}.Release|x64.ActiveCfg = Release|x64
		{7F757879-12A8-3470-B7A0-31F9A451C9D5}.Release|x64.Build.0 = Release|x64
		{7F757879-12A8-3470-B7A0-31F9A451C9D5}.Release|x86.ActiveCfg = Release|x64
		{7F757879-12A8-3470-B7A0-31F9A451C9D5}.RelWithDebInfo|x64.ActiveCfg = RelWithDebInfo|x64
		{7F757879-12A8-3470-B7A0-31F9A451C9D5}.RelWithDebInfo|x64.Build.0 = RelWithDebInfo|x64
		{7F757879-12A8-3470-B7A0-31F9A451C9D5}.RelWithDebInfo|x86.ActiveCfg = RelWithDebInfo|x64
		{C553F7FC-F468-3B67-903C-C935D060A406}.Debug|x64.ActiveCfg = Debug|x64
		{C553F7FC-F468-3B67-903C-C935D060A406}.Debug|x64.Build.0 = Debug|x64
		{C553F7FC-F468-3B67-903C-C935D060A406}.Debug|x86.ActiveCfg = Debug|x64
		{C553F7FC-F468-3B67-903C-C935D060A406}.MinSizeRel|x64.ActiveCfg = MinSizeRel|x64
		{C553F7FC-F468-3B67-903C-C935D060A406}.MinSizeRel|x64.Build.0 = MinSizeRel|x64
		{C553F7FC-F468-3B67-903C-C935D060A406}.MinSizeRel|x86.ActiveCfg = MinSizeRel|x64
		{C553F7FC-F468-3B67-903C-C935D060A406}.Release|x64.ActiveCfg = Release|x64
		{C553F7FC-F468-3B67-903C-C935D060A406}.Release|x64.Build.0 = Release|x64
		{C553F7FC-F468-3B67-903C-C935D060A406}.Release|x86.ActiveCfg = Release|x64
		{C553F7FC-F468-3B67-903C-C935D060A406}.RelWithDebInfo|x64.ActiveCfg = RelWithDebInfo|x64
		{C553F7FC-F468-3B67-903C-C935D060A406}.RelWithDebInfo|x64.Build.0 = RelWithDebInfo|x64
		{C553F7FC-F468-3B67-903C-C935D060A406}.RelWithDebInfo|x86.ActiveCfg = RelWithDebInfo|x64
		{E87F31AF-A10D-3471-A2B9-FE7289E2526D}.Debug|x64.ActiveCfg = Debug|x64
		{E87F31AF-A10D-3471-A2B9-FE7289E2526D}.Debug|x64.Build.0 = Debug|x64
		{E87F31AF-A10D-3471-A2B9-FE7289E2526D}.Debug|x86.ActiveCfg = Debug|x64
		{E87F31AF-A10D-3471-A2B9-FE7289E2526D}.MinSizeRel|x64.ActiveCfg = MinSizeRel|x64
		{E87F31AF-A10D-3471-A2B9-FE7289E2526D}.MinSizeRel|x64.Build.0 = MinSizeRel|x64
		{E87F31AF-A10D-3471-A2B9-FE7289E2526D}.MinSizeRel|x86.ActiveCfg = MinSizeRel|x64
		{E87F31AF-A10D-3471-A2B9-FE7289E2526D}.Release|x64.ActiveCfg = Release|x64
		{E87F31AF-A10D-3471-A2B9-FE7289E2526D}.Release|x64.Build.0 = Release|x64
		{E87F31AF-A10D-3471-A2B9-FE7289E2526D}.Release|x86.ActiveCfg = Release|x64
		{E87F31AF-A10D-3471-A2B9-FE7289E2526D}.RelWithDebInfo|x64.ActiveCfg = RelWithDebInfo|x64
		{E87F31AF-A10D-3471-A2B9-FE7289E2526D}.RelWithDebInfo|x64.Build.0 = RelWithDebInfo|x64
		{E87F31AF-A10D-3471-A2B9-FE7289E2526D}.RelWithDebInfo|x86.ActiveCfg = RelWithDebInfo|x64
	EndGlobalSection
	GlobalSection(SolutionProperties) = preSolution
		HideSolutionNode = FALSE
	EndGlobalSection
	GlobalSection(ExtensibilityGlobals) = postSolution
		SolutionGuid = {1EB7AF0F-27B3-4568-9779-70F721DBE1FC}
	EndGlobalSection
EndGlobal
